{
  "version": 4,
  "terraform_version": "1.3.7",
  "serial": 48,
  "lineage": "62e5d00c-3ae7-7e45-8d4a-d43aa21b3761",
  "outputs": {
    "stack_nfs_vm_ips": {
      "value": "67.205.145.54",
      "type": "string"
    },
    "stack_wp_db_pwd": {
      "value": "AVNS_oYBqinO1ABp_575Wuaz",
      "type": "string",
      "sensitive": true
    },
    "stack_wp_db_user": {
      "value": "wordpress",
      "type": "string"
    },
    "stack_wp_lb_ip": {
      "value": "143.244.202.210",
      "type": "string"
    },
    "stack_wp_vm_ips": {
      "value": [
        "167.71.24.78",
        "161.35.52.224"
      ],
      "type": [
        "tuple",
        [
          "string",
          "string"
        ]
      ]
    }
  },
  "resources": [
    {
      "mode": "managed",
      "type": "digitalocean_ssh_key",
      "name": "ssh",
      "provider": "provider[\"registry.terraform.io/digitalocean/digitalocean\"]",
      "instances": [
        {
          "schema_version": 0,
          "attributes": {
            "fingerprint": "a2:8c:eb:c9:b0:88:10:ac:9a:91:17:0a:2d:f2:f8:f1",
            "id": "40734453",
            "name": "wp-ssh",
            "public_key": "ssh-rsa AAAAB3NzaC1yc2EAAAADAQABAAABAQCgZlyg9aPUMWLhCHBTYiEybz6NGhMbiGkSyP+eWJfIN5WLr3OH3oY5V3edGy5pZ23IAREIxMpUlbKXcp5uAO8Wgzlp+RQPPbBJCRF0z8Ot1uHvOUowPypdspENwo8XgMuCBBnCYNShjWcFrrX9ESN29EQt6SlESKWcnSUy6zIaUsI8UfbTWw+HK2ZUBvVM19qxvfp+MSzwqDormHAeQQJxJlajqNhV4S1RhTV+b+C1pNmKdJ27HRpflhuKYIS9CjhJ1hxrnnGsEXiVzCZsYkRf1HvyM1PQ3CKB/zMpx5HK5qRHYqavxi8t5BO/gwt7luHkk3lwWGoZgTANGU/9NIgv alexandre@MBPdeAlexandre.localdomain\n"
          },
          "sensitive_attributes": [],
          "private": "bnVsbA=="
        }
      ]
    },
    {
      "module": "module.wp_stack",
      "mode": "managed",
      "type": "digitalocean_database_cluster",
      "name": "wp_mysql",
      "provider": "provider[\"registry.terraform.io/digitalocean/digitalocean\"]",
      "instances": [
        {
          "schema_version": 0,
          "attributes": {
            "database": "defaultdb",
            "engine": "mysql",
            "eviction_policy": null,
            "host": "wp-mysql-do-user-14080501-0.c.db.ondigitalocean.com",
            "id": "f6e0c8f3-8ebb-412f-8103-0d2f823e3d26",
            "maintenance_window": [],
            "name": "wp-mysql",
            "node_count": 1,
            "password": "AVNS_VRXcKC4gZuAmlMEb9CM",
            "port": 25060,
            "private_host": "private-wp-mysql-do-user-14080501-0.c.db.ondigitalocean.com",
            "private_network_uuid": "4390fa51-8668-4a2f-8448-7501b2a89f7e",
            "private_uri": "mysql://doadmin:AVNS_VRXcKC4gZuAmlMEb9CM@private-wp-mysql-do-user-14080501-0.c.db.ondigitalocean.com:25060/defaultdb?ssl-mode=REQUIRED",
            "region": "nyc1",
            "size": "db-s-1vcpu-1gb",
            "sql_mode": null,
            "tags": null,
            "uri": "mysql://doadmin:AVNS_VRXcKC4gZuAmlMEb9CM@wp-mysql-do-user-14080501-0.c.db.ondigitalocean.com:25060/defaultdb?ssl-mode=REQUIRED",
            "urn": "do:dbaas:f6e0c8f3-8ebb-412f-8103-0d2f823e3d26",
            "user": "doadmin",
            "version": "8"
          },
          "sensitive_attributes": [],
          "private": "bnVsbA==",
          "dependencies": [
            "module.wp_stack.digitalocean_vpc.wp_net"
          ]
        }
      ]
    },
    {
      "module": "module.wp_stack",
      "mode": "managed",
      "type": "digitalocean_database_db",
      "name": "wp_database",
      "provider": "provider[\"registry.terraform.io/digitalocean/digitalocean\"]",
      "instances": [
        {
          "schema_version": 0,
          "attributes": {
            "cluster_id": "f6e0c8f3-8ebb-412f-8103-0d2f823e3d26",
            "id": "f6e0c8f3-8ebb-412f-8103-0d2f823e3d26/database/wp-database",
            "name": "wp-database"
          },
          "sensitive_attributes": [],
          "private": "bnVsbA==",
          "dependencies": [
            "module.wp_stack.digitalocean_database_cluster.wp_mysql",
            "module.wp_stack.digitalocean_vpc.wp_net"
          ]
        }
      ]
    },
    {
      "module": "module.wp_stack",
      "mode": "managed",
      "type": "digitalocean_database_user",
      "name": "wp_database_user",
      "provider": "provider[\"registry.terraform.io/digitalocean/digitalocean\"]",
      "instances": [
        {
          "schema_version": 0,
          "attributes": {
            "cluster_id": "f6e0c8f3-8ebb-412f-8103-0d2f823e3d26",
            "id": "f6e0c8f3-8ebb-412f-8103-0d2f823e3d26/user/wordpress",
            "mysql_auth_plugin": "caching_sha2_password",
            "name": "wordpress",
            "password": "AVNS_oYBqinO1ABp_575Wuaz",
            "role": "normal"
          },
          "sensitive_attributes": [],
          "private": "bnVsbA==",
          "dependencies": [
            "module.wp_stack.digitalocean_database_cluster.wp_mysql",
            "module.wp_stack.digitalocean_vpc.wp_net"
          ]
        }
      ]
    },
    {
      "module": "module.wp_stack",
      "mode": "managed",
      "type": "digitalocean_droplet",
      "name": "vm_nfs",
      "provider": "provider[\"registry.terraform.io/digitalocean/digitalocean\"]",
      "instances": [
        {
          "schema_version": 1,
          "attributes": {
            "backups": false,
            "created_at": "2024-01-19T20:26:29Z",
            "disk": 60,
            "id": "396579936",
            "image": "ubuntu-22-04-x64",
            "ipv4_address": "67.205.145.54",
            "ipv4_address_private": "10.116.16.4",
            "ipv6": false,
            "ipv6_address": "",
            "locked": false,
            "memory": 2048,
            "monitoring": false,
            "name": "vm-nfs",
            "price_hourly": 0.02679,
            "price_monthly": 18,
            "private_networking": true,
            "region": "nyc1",
            "resize_disk": true,
            "size": "s-2vcpu-2gb",
            "ssh_keys": [
              "a2:8c:eb:c9:b0:88:10:ac:9a:91:17:0a:2d:f2:f8:f1"
            ],
            "status": "active",
            "tags": null,
            "urn": "do:droplet:396579936",
            "user_data": null,
            "vcpus": 2,
            "volume_ids": [],
            "vpc_uuid": "4390fa51-8668-4a2f-8448-7501b2a89f7e"
          },
          "sensitive_attributes": [],
          "private": "eyJzY2hlbWFfdmVyc2lvbiI6IjEifQ==",
          "dependencies": [
            "digitalocean_ssh_key.ssh",
            "module.wp_stack.digitalocean_vpc.wp_net"
          ]
        }
      ]
    },
    {
      "module": "module.wp_stack",
      "mode": "managed",
      "type": "digitalocean_droplet",
      "name": "vm_wp",
      "provider": "provider[\"registry.terraform.io/digitalocean/digitalocean\"]",
      "instances": [
        {
          "index_key": 0,
          "schema_version": 1,
          "attributes": {
            "backups": false,
            "created_at": "2024-01-19T20:26:29Z",
            "disk": 60,
            "id": "396579934",
            "image": "ubuntu-22-04-x64",
            "ipv4_address": "167.71.24.78",
            "ipv4_address_private": "10.116.16.3",
            "ipv6": false,
            "ipv6_address": "",
            "locked": false,
            "memory": 2048,
            "monitoring": false,
            "name": "vm-wp-1",
            "price_hourly": 0.02679,
            "price_monthly": 18,
            "private_networking": true,
            "region": "nyc1",
            "resize_disk": true,
            "size": "s-2vcpu-2gb",
            "ssh_keys": [
              "a2:8c:eb:c9:b0:88:10:ac:9a:91:17:0a:2d:f2:f8:f1"
            ],
            "status": "active",
            "tags": null,
            "urn": "do:droplet:396579934",
            "user_data": null,
            "vcpus": 2,
            "volume_ids": [],
            "vpc_uuid": "4390fa51-8668-4a2f-8448-7501b2a89f7e"
          },
          "sensitive_attributes": [],
          "private": "eyJzY2hlbWFfdmVyc2lvbiI6IjEifQ==",
          "dependencies": [
            "digitalocean_ssh_key.ssh",
            "module.wp_stack.digitalocean_vpc.wp_net"
          ]
        },
        {
          "index_key": 1,
          "schema_version": 1,
          "attributes": {
            "backups": false,
            "created_at": "2024-01-19T20:26:29Z",
            "disk": 60,
            "id": "396579935",
            "image": "ubuntu-22-04-x64",
            "ipv4_address": "161.35.52.224",
            "ipv4_address_private": "10.116.16.2",
            "ipv6": false,
            "ipv6_address": "",
            "locked": false,
            "memory": 2048,
            "monitoring": false,
            "name": "vm-wp-2",
            "price_hourly": 0.02679,
            "price_monthly": 18,
            "private_networking": true,
            "region": "nyc1",
            "resize_disk": true,
            "size": "s-2vcpu-2gb",
            "ssh_keys": [
              "a2:8c:eb:c9:b0:88:10:ac:9a:91:17:0a:2d:f2:f8:f1"
            ],
            "status": "active",
            "tags": null,
            "urn": "do:droplet:396579935",
            "user_data": null,
            "vcpus": 2,
            "volume_ids": [],
            "vpc_uuid": "4390fa51-8668-4a2f-8448-7501b2a89f7e"
          },
          "sensitive_attributes": [],
          "private": "eyJzY2hlbWFfdmVyc2lvbiI6IjEifQ==",
          "dependencies": [
            "digitalocean_ssh_key.ssh",
            "module.wp_stack.digitalocean_vpc.wp_net"
          ]
        }
      ]
    },
    {
      "module": "module.wp_stack",
      "mode": "managed",
      "type": "digitalocean_loadbalancer",
      "name": "wp_lb",
      "provider": "provider[\"registry.terraform.io/digitalocean/digitalocean\"]",
      "instances": [
        {
          "schema_version": 1,
          "attributes": {
            "algorithm": "round_robin",
            "droplet_ids": [
              396579934,
              396579935
            ],
            "droplet_tag": "",
            "enable_backend_keepalive": false,
            "enable_proxy_protocol": false,
            "forwarding_rule": [
              {
                "certificate_id": "",
                "certificate_name": "",
                "entry_port": 80,
                "entry_protocol": "http",
                "target_port": 80,
                "target_protocol": "http",
                "tls_passthrough": false
              }
            ],
            "healthcheck": [
              {
                "check_interval_seconds": 10,
                "healthy_threshold": 5,
                "path": "/",
                "port": 80,
                "protocol": "http",
                "response_timeout_seconds": 5,
                "unhealthy_threshold": 3
              }
            ],
            "id": "c4fa2b83-18c0-48fb-86d5-2b2e90707c36",
            "ip": "143.244.202.210",
            "name": "wp-lb",
            "redirect_http_to_https": false,
            "region": "nyc1",
            "status": "active",
            "sticky_sessions": [
              {
                "cookie_name": "",
                "cookie_ttl_seconds": 0,
                "type": "none"
              }
            ],
            "urn": "do:loadbalancer:c4fa2b83-18c0-48fb-86d5-2b2e90707c36",
            "vpc_uuid": "4390fa51-8668-4a2f-8448-7501b2a89f7e"
          },
          "sensitive_attributes": [],
          "private": "eyJzY2hlbWFfdmVyc2lvbiI6IjEifQ==",
          "dependencies": [
            "digitalocean_ssh_key.ssh",
            "module.wp_stack.digitalocean_droplet.vm_wp",
            "module.wp_stack.digitalocean_vpc.wp_net"
          ]
        }
      ]
    },
    {
      "module": "module.wp_stack",
      "mode": "managed",
      "type": "digitalocean_vpc",
      "name": "wp_net",
      "provider": "provider[\"registry.terraform.io/digitalocean/digitalocean\"]",
      "instances": [
        {
          "schema_version": 0,
          "attributes": {
            "created_at": "2024-01-19 20:26:27 +0000 UTC",
            "default": false,
            "description": "",
            "id": "4390fa51-8668-4a2f-8448-7501b2a89f7e",
            "ip_range": "10.116.16.0/20",
            "name": "wp-network",
            "region": "nyc1",
            "timeouts": null,
            "urn": "do:vpc:4390fa51-8668-4a2f-8448-7501b2a89f7e"
          },
          "sensitive_attributes": [],
          "private": "eyJlMmJmYjczMC1lY2FhLTExZTYtOGY4OC0zNDM2M2JjN2M0YzAiOnsiZGVsZXRlIjoxMjAwMDAwMDAwMDB9fQ=="
        }
      ]
    }
  ],
  "check_results": null
}
